
Microsoft Visual Studio Solution File, Format Version 12.00
# Visual Studio 2012
Project("{8BC9CEB8-8B4A-11D0-8D11-00A0C91BC942}") = "OTS-TerrainEditor", "OTS-TerrainEditor\OTS-TerrainEditor.vcxproj", "{D83C3B33-A998-4FC5-A4B2-93DF2FBE127C}"
EndProject
Global
	GlobalSection(SolutionConfigurationPlatforms) = preSolution
		Debug|Win32 = Debug|Win32
		Release|Win32 = Release|Win32
	EndGlobalSection
	GlobalSection(ProjectConfigurationPlatforms) = postSolution
		{D83C3B33-A998-4FC5-A4B2-93DF2FBE127C}.Debug|Win32.ActiveCfg = Debug|Win32
		{D83C3B33-A998-4FC5-A4B2-93DF2FBE127C}.Debug|Win32.Build.0 = Debug|Win32
		{D83C3B33-A998-4FC5-A4B2-93DF2FBE127C}.Release|Win32.ActiveCfg = Release|Win32
		{D83C3B33-A998-4FC5-A4B2-93DF2FBE127C}.Release|Win32.Build.0 = Release|Win32
	EndGlobalSection
	GlobalSection(SolutionProperties) = preSolution
		HideSolutionNode = FALSE
	EndGlobalSection
EndGlobal
